
Microsoft Visual Studio Solution File, Format Version 12.00
# Visual Studio Version 17
VisualStudioVersion = 17.13.35913.81 d17.13
MinimumVisualStudioVersion = 10.0.40219.1
Project("{FAE04EC0-301F-11D3-BF4B-00C04F79EFBC}") = "HistoryboardSite", "HistoryboardSite\HistoryboardSite.csproj", "{375E35B1-1DD6-4AF6-B147-3ACDEAD9B14F}"
EndProject
Global
	GlobalSection(SolutionConfigurationPlatforms) = preSolution
		Debug|Any CPU = Debug|Any CPU
		Release|Any CPU = Release|Any CPU
	EndGlobalSection
	GlobalSection(ProjectConfigurationPlatforms) = postSolution
		{375E35B1-1DD6-4AF6-B147-3ACDEAD9B14F}.Debug|Any CPU.ActiveCfg = Debug|Any CPU
		{375E35B1-1DD6-4AF6-B147-3ACDEAD9B14F}.Debug|Any CPU.Build.0 = Debug|Any CPU
		{375E35B1-1DD6-4AF6-B147-3ACDEAD9B14F}.Release|Any CPU.ActiveCfg = Release|Any CPU
		{375E35B1-1DD6-4AF6-B147-3ACDEAD9B14F}.Release|Any CPU.Build.0 = Release|Any CPU
	EndGlobalSection
	GlobalSection(SolutionProperties) = preSolution
		HideSolutionNode = FALSE
	EndGlobalSection
	GlobalSection(ExtensibilityGlobals) = postSolution
		SolutionGuid = {93185845-875F-4087-A015-846A636568EB}
	EndGlobalSection
EndGlobal
